
Microsoft Visual Studio Solution File, Format Version 12.00
# Visual Studio Version 17
VisualStudioVersion = 17.9.34902.65
MinimumVisualStudioVersion = 10.0.40219.1
Project("{FAE04EC0-301F-11D3-BF4B-00C04F79EFBC}") = "Advanced Dynotis Software", "Advanced Dynotis Software.csproj", "{E8A816F1-2436-46CC-B717-5A2CFD8FCA62}"
EndProject
Global
	GlobalSection(SolutionConfigurationPlatforms) = preSolution
		Debug|Any CPU = Debug|Any CPU
		Release|Any CPU = Release|Any CPU
	EndGlobalSection
	GlobalSection(ProjectConfigurationPlatforms) = postSolution
		{E8A816F1-2436-46CC-B717-5A2CFD8FCA62}.Debug|Any CPU.ActiveCfg = Debug|Any CPU
		{E8A816F1-2436-46CC-B717-5A2CFD8FCA62}.Debug|Any CPU.Build.0 = Debug|Any CPU
		{E8A816F1-2436-46CC-B717-5A2CFD8FCA62}.Release|Any CPU.ActiveCfg = Release|Any CPU
		{E8A816F1-2436-46CC-B717-5A2CFD8FCA62}.Release|Any CPU.Build.0 = Release|Any CPU
	EndGlobalSection
	GlobalSection(SolutionProperties) = preSolution
		HideSolutionNode = FALSE
	EndGlobalSection
	GlobalSection(ExtensibilityGlobals) = postSolution
		SolutionGuid = {8F38F48B-B2F3-485D-9E5B-92C5D106E156}
	EndGlobalSection
EndGlobal
